// !$*UTF8*$!
{
	archiveVersion = 1;
	classes = {
	};
	objectVersion = 50;
	objects = {

/* Begin PBXBuildFile section */
		220EE8CF21727ABC009E7C9E /* WalletViewController.swift in Sources */ = {isa = PBXBuildFile; fileRef = 220EE8CE21727ABC009E7C9E /* WalletViewController.swift */; };
		220EE8D1217281E9009E7C9E /* LoginManager.swift in Sources */ = {isa = PBXBuildFile; fileRef = 220EE8D0217281E9009E7C9E /* LoginManager.swift */; };
		2249E0642171478500ED890A /* LoginViewController.swift in Sources */ = {isa = PBXBuildFile; fileRef = 2249E0632171478500ED890A /* LoginViewController.swift */; };
		225911D0217F106B00565D06 /* schema.json in Resources */ = {isa = PBXBuildFile; fileRef = 225911CD217F106B00565D06 /* schema.json */; };
		225911D2217F10ED00565D06 /* test.graphql in Resources */ = {isa = PBXBuildFile; fileRef = 225911D1217F10ED00565D06 /* test.graphql */; };
		225911D4217F121A00565D06 /* API.swift in Sources */ = {isa = PBXBuildFile; fileRef = 225911D3217F121A00565D06 /* API.swift */; };
		2262649421762575007146A6 /* MainCell.swift in Sources */ = {isa = PBXBuildFile; fileRef = 2262649321762575007146A6 /* MainCell.swift */; };
		2290F5DE21713A6A00BE9189 /* AppDelegate.swift in Sources */ = {isa = PBXBuildFile; fileRef = 2290F5DD21713A6A00BE9189 /* AppDelegate.swift */; };
		2290F5E521713A6B00BE9189 /* Assets.xcassets in Resources */ = {isa = PBXBuildFile; fileRef = 2290F5E421713A6B00BE9189 /* Assets.xcassets */; };
		2290F5E821713A6C00BE9189 /* LaunchScreen.storyboard in Resources */ = {isa = PBXBuildFile; fileRef = 2290F5E621713A6C00BE9189 /* LaunchScreen.storyboard */; };
		22963D2A21865F4D00D475C6 /* NewOperationViewController.swift in Sources */ = {isa = PBXBuildFile; fileRef = 22963D2921865F4D00D475C6 /* NewOperationViewController.swift */; };
		22963D2C218662AD00D475C6 /* SettingsViewController.swift in Sources */ = {isa = PBXBuildFile; fileRef = 22963D2B218662AD00D475C6 /* SettingsViewController.swift */; };
		22E1209F2183C65C00926289 /* MainTabViewController.swift in Sources */ = {isa = PBXBuildFile; fileRef = 22E1209E2183C65C00926289 /* MainTabViewController.swift */; };
		22F9195621724906000DAED6 /* UserInputDataViewController.swift in Sources */ = {isa = PBXBuildFile; fileRef = 22F9195521724906000DAED6 /* UserInputDataViewController.swift */; };
		22F9195921724A8C000DAED6 /* RootVCSwitcher.swift in Sources */ = {isa = PBXBuildFile; fileRef = 22F9195821724A8C000DAED6 /* RootVCSwitcher.swift */; };
		22F9195C217252FE000DAED6 /* KeychainManager.swift in Sources */ = {isa = PBXBuildFile; fileRef = 22F9195B217252FE000DAED6 /* KeychainManager.swift */; };
		A0D5923724BF230563DAFAE3 /* Pods_MonKey.framework in Frameworks */ = {isa = PBXBuildFile; fileRef = D96D3032C9C15E621355F97B /* Pods_MonKey.framework */; };
/* End PBXBuildFile section */

/* Begin PBXFileReference section */
		0BA9A63DDEA1BA581BDB6549 /* Pods-MonKey.debug.xcconfig */ = {isa = PBXFileReference; includeInIndex = 1; lastKnownFileType = text.xcconfig; name = "Pods-MonKey.debug.xcconfig"; path = "Pods/Target Support Files/Pods-MonKey/Pods-MonKey.debug.xcconfig"; sourceTree = "<group>"; };
		220EE8CE21727ABC009E7C9E /* WalletViewController.swift */ = {isa = PBXFileReference; lastKnownFileType = sourcecode.swift; path = WalletViewController.swift; sourceTree = "<group>"; };
		220EE8D0217281E9009E7C9E /* LoginManager.swift */ = {isa = PBXFileReference; lastKnownFileType = sourcecode.swift; path = LoginManager.swift; sourceTree = "<group>"; };
		2249E0632171478500ED890A /* LoginViewController.swift */ = {isa = PBXFileReference; lastKnownFileType = sourcecode.swift; path = LoginViewController.swift; sourceTree = "<group>"; };
		225911CD217F106B00565D06 /* schema.json */ = {isa = PBXFileReference; fileEncoding = 4; lastKnownFileType = text.json; path = schema.json; sourceTree = SOURCE_ROOT; };
		225911D1217F10ED00565D06 /* test.graphql */ = {isa = PBXFileReference; lastKnownFileType = text; path = test.graphql; sourceTree = "<group>"; };
		225911D3217F121A00565D06 /* API.swift */ = {isa = PBXFileReference; fileEncoding = 4; lastKnownFileType = sourcecode.swift; path = API.swift; sourceTree = "<group>"; };
		2262649321762575007146A6 /* MainCell.swift */ = {isa = PBXFileReference; lastKnownFileType = sourcecode.swift; name = MainCell.swift; path = ../Model/MainCell.swift; sourceTree = "<group>"; };
		2290F5DA21713A6A00BE9189 /* MonKey.app */ = {isa = PBXFileReference; explicitFileType = wrapper.application; includeInIndex = 0; path = MonKey.app; sourceTree = BUILT_PRODUCTS_DIR; };
		2290F5DD21713A6A00BE9189 /* AppDelegate.swift */ = {isa = PBXFileReference; lastKnownFileType = sourcecode.swift; path = AppDelegate.swift; sourceTree = "<group>"; };
		2290F5E421713A6B00BE9189 /* Assets.xcassets */ = {isa = PBXFileReference; lastKnownFileType = folder.assetcatalog; path = Assets.xcassets; sourceTree = "<group>"; };
		2290F5E721713A6C00BE9189 /* Base */ = {isa = PBXFileReference; lastKnownFileType = file.storyboard; name = Base; path = Base.lproj/LaunchScreen.storyboard; sourceTree = "<group>"; };
		2290F5E921713A6C00BE9189 /* Info.plist */ = {isa = PBXFileReference; lastKnownFileType = text.plist.xml; path = Info.plist; sourceTree = "<group>"; };
		22963D2921865F4D00D475C6 /* NewOperationViewController.swift */ = {isa = PBXFileReference; lastKnownFileType = sourcecode.swift; path = NewOperationViewController.swift; sourceTree = "<group>"; };
		22963D2B218662AD00D475C6 /* SettingsViewController.swift */ = {isa = PBXFileReference; lastKnownFileType = sourcecode.swift; path = SettingsViewController.swift; sourceTree = "<group>"; };
		22E1209E2183C65C00926289 /* MainTabViewController.swift */ = {isa = PBXFileReference; lastKnownFileType = sourcecode.swift; path = MainTabViewController.swift; sourceTree = "<group>"; };
		22F9195521724906000DAED6 /* UserInputDataViewController.swift */ = {isa = PBXFileReference; lastKnownFileType = sourcecode.swift; path = UserInputDataViewController.swift; sourceTree = "<group>"; };
		22F9195821724A8C000DAED6 /* RootVCSwitcher.swift */ = {isa = PBXFileReference; lastKnownFileType = sourcecode.swift; path = RootVCSwitcher.swift; sourceTree = "<group>"; };
		22F9195B217252FE000DAED6 /* KeychainManager.swift */ = {isa = PBXFileReference; lastKnownFileType = sourcecode.swift; path = KeychainManager.swift; sourceTree = "<group>"; };
		BACE8E3A64E3EFA087968F02 /* Pods-MonKey.release.xcconfig */ = {isa = PBXFileReference; includeInIndex = 1; lastKnownFileType = text.xcconfig; name = "Pods-MonKey.release.xcconfig"; path = "Pods/Target Support Files/Pods-MonKey/Pods-MonKey.release.xcconfig"; sourceTree = "<group>"; };
		D96D3032C9C15E621355F97B /* Pods_MonKey.framework */ = {isa = PBXFileReference; explicitFileType = wrapper.framework; includeInIndex = 0; path = Pods_MonKey.framework; sourceTree = BUILT_PRODUCTS_DIR; };
/* End PBXFileReference section */

/* Begin PBXFrameworksBuildPhase section */
		2290F5D721713A6A00BE9189 /* Frameworks */ = {
			isa = PBXFrameworksBuildPhase;
			buildActionMask = 2147483647;
			files = (
				A0D5923724BF230563DAFAE3 /* Pods_MonKey.framework in Frameworks */,
			);
			runOnlyForDeploymentPostprocessing = 0;
		};
/* End PBXFrameworksBuildPhase section */

/* Begin PBXGroup section */
		2249E0652171497A00ED890A /* Controller */ = {
			isa = PBXGroup;
			children = (
				2249E0632171478500ED890A /* LoginViewController.swift */,
				22F9195521724906000DAED6 /* UserInputDataViewController.swift */,
				220EE8CE21727ABC009E7C9E /* WalletViewController.swift */,
				22963D2921865F4D00D475C6 /* NewOperationViewController.swift */,
				22963D2B218662AD00D475C6 /* SettingsViewController.swift */,
			);
			path = Controller;
			sourceTree = "<group>";
		};
		2249E0662171498900ED890A /* View */ = {
			isa = PBXGroup;
			children = (
				2262649321762575007146A6 /* MainCell.swift */,
				22E1209E2183C65C00926289 /* MainTabViewController.swift */,
			);
			path = View;
			sourceTree = "<group>";
		};
		2290F5D121713A6A00BE9189 = {
			isa = PBXGroup;
			children = (
				2290F5DC21713A6A00BE9189 /* MonKey */,
				2290F5DB21713A6A00BE9189 /* Products */,
				F90DA72C7895A8FB5249B73F /* Pods */,
				A58757F673EB20B30D5FBD0E /* Frameworks */,
			);
			sourceTree = "<group>";
		};
		2290F5DB21713A6A00BE9189 /* Products */ = {
			isa = PBXGroup;
			children = (
				2290F5DA21713A6A00BE9189 /* MonKey.app */,
			);
			name = Products;
			sourceTree = "<group>";
		};
		2290F5DC21713A6A00BE9189 /* MonKey */ = {
			isa = PBXGroup;
			children = (
				22F9195721724A3F000DAED6 /* Common */,
				2249E0652171497A00ED890A /* Controller */,
				2249E0662171498900ED890A /* View */,
				2290F5DD21713A6A00BE9189 /* AppDelegate.swift */,
				22F9195A217252A4000DAED6 /* Model */,
				2290F5E421713A6B00BE9189 /* Assets.xcassets */,
				2290F5E621713A6C00BE9189 /* LaunchScreen.storyboard */,
				2290F5E921713A6C00BE9189 /* Info.plist */,
				225911CD217F106B00565D06 /* schema.json */,
				225911D1217F10ED00565D06 /* test.graphql */,
				225911D3217F121A00565D06 /* API.swift */,
			);
			path = MonKey;
			sourceTree = "<group>";
		};
		22F9195721724A3F000DAED6 /* Common */ = {
			isa = PBXGroup;
			children = (
				22F9195821724A8C000DAED6 /* RootVCSwitcher.swift */,
				220EE8D0217281E9009E7C9E /* LoginManager.swift */,
			);
			path = Common;
			sourceTree = "<group>";
		};
		22F9195A217252A4000DAED6 /* Model */ = {
			isa = PBXGroup;
			children = (
				22F9195B217252FE000DAED6 /* KeychainManager.swift */,
			);
			path = Model;
			sourceTree = "<group>";
		};
		A58757F673EB20B30D5FBD0E /* Frameworks */ = {
			isa = PBXGroup;
			children = (
				D96D3032C9C15E621355F97B /* Pods_MonKey.framework */,
			);
			name = Frameworks;
			sourceTree = "<group>";
		};
		F90DA72C7895A8FB5249B73F /* Pods */ = {
			isa = PBXGroup;
			children = (
				0BA9A63DDEA1BA581BDB6549 /* Pods-MonKey.debug.xcconfig */,
				BACE8E3A64E3EFA087968F02 /* Pods-MonKey.release.xcconfig */,
			);
			name = Pods;
			sourceTree = "<group>";
		};
/* End PBXGroup section */

/* Begin PBXNativeTarget section */
		2290F5D921713A6A00BE9189 /* MonKey */ = {
			isa = PBXNativeTarget;
			buildConfigurationList = 2290F5EC21713A6C00BE9189 /* Build configuration list for PBXNativeTarget "MonKey" */;
			buildPhases = (
				76FD505D6AC920CF476AEF5C /* [CP] Check Pods Manifest.lock */,
				22356426217D173900DA4C0D /* Generate Apollo GraphQL API */,
				2290F5D621713A6A00BE9189 /* Sources */,
				2290F5D721713A6A00BE9189 /* Frameworks */,
				2290F5D821713A6A00BE9189 /* Resources */,
				A4E936992B324B20D931C943 /* [CP] Copy Pods Resources */,
				A6CC7208CB03DDF01ADDCAE0 /* [CP] Embed Pods Frameworks */,
			);
			buildRules = (
			);
			dependencies = (
			);
			name = MonKey;
			productName = MonKey;
			productReference = 2290F5DA21713A6A00BE9189 /* MonKey.app */;
			productType = "com.apple.product-type.application";
		};
/* End PBXNativeTarget section */

/* Begin PBXProject section */
		2290F5D221713A6A00BE9189 /* Project object */ = {
			isa = PBXProject;
			attributes = {
				LastSwiftUpdateCheck = 1000;
				LastUpgradeCheck = 1000;
				ORGANIZATIONNAME = "Rodion Kuskov";
				TargetAttributes = {
					2290F5D921713A6A00BE9189 = {
						CreatedOnToolsVersion = 10.0;
					};
				};
			};
			buildConfigurationList = 2290F5D521713A6A00BE9189 /* Build configuration list for PBXProject "MonKey" */;
			compatibilityVersion = "Xcode 9.3";
			developmentRegion = en;
			hasScannedForEncodings = 0;
			knownRegions = (
				en,
				Base,
			);
			mainGroup = 2290F5D121713A6A00BE9189;
			productRefGroup = 2290F5DB21713A6A00BE9189 /* Products */;
			projectDirPath = "";
			projectRoot = "";
			targets = (
				2290F5D921713A6A00BE9189 /* MonKey */,
			);
		};
/* End PBXProject section */

/* Begin PBXResourcesBuildPhase section */
		2290F5D821713A6A00BE9189 /* Resources */ = {
			isa = PBXResourcesBuildPhase;
			buildActionMask = 2147483647;
			files = (
				225911D0217F106B00565D06 /* schema.json in Resources */,
				2290F5E821713A6C00BE9189 /* LaunchScreen.storyboard in Resources */,
				2290F5E521713A6B00BE9189 /* Assets.xcassets in Resources */,
				225911D2217F10ED00565D06 /* test.graphql in Resources */,
			);
			runOnlyForDeploymentPostprocessing = 0;
		};
/* End PBXResourcesBuildPhase section */

/* Begin PBXShellScriptBuildPhase section */
		22356426217D173900DA4C0D /* Generate Apollo GraphQL API */ = {
			isa = PBXShellScriptBuildPhase;
			buildActionMask = 2147483647;
			files = (
			);
			inputFileListPaths = (
			);
			inputPaths = (
			);
			name = "Generate Apollo GraphQL API";
			outputFileListPaths = (
			);
			outputPaths = (
			);
			runOnlyForDeploymentPostprocessing = 0;
			shellPath = /bin/sh;
			shellScript = "APOLLO_FRAMEWORK_PATH=\"$(eval find $FRAMEWORK_SEARCH_PATHS -name \"Apollo.framework\" -maxdepth 1)\"\n\nif [ -z \"$APOLLO_FRAMEWORK_PATH\" ]; then\necho \"error: Couldn't find Apollo.framework in FRAMEWORK_SEARCH_PATHS; make sure to add the framework to your project.\"\nexit 1\nfi\n\ncd \"${SRCROOT}/${TARGET_NAME}\"\n$APOLLO_FRAMEWORK_PATH/check-and-run-apollo-cli.sh codegen:generate --queries=\"$(find . -name '*.graphql')\" --schema=schema.json API.swift\n";
		};
		76FD505D6AC920CF476AEF5C /* [CP] Check Pods Manifest.lock */ = {
			isa = PBXShellScriptBuildPhase;
			buildActionMask = 2147483647;
			files = (
			);
			inputFileListPaths = (
			);
			inputPaths = (
				"${PODS_PODFILE_DIR_PATH}/Podfile.lock",
				"${PODS_ROOT}/Manifest.lock",
			);
			name = "[CP] Check Pods Manifest.lock";
			outputFileListPaths = (
			);
			outputPaths = (
				"$(DERIVED_FILE_DIR)/Pods-MonKey-checkManifestLockResult.txt",
			);
			runOnlyForDeploymentPostprocessing = 0;
			shellPath = /bin/sh;
			shellScript = "diff \"${PODS_PODFILE_DIR_PATH}/Podfile.lock\" \"${PODS_ROOT}/Manifest.lock\" > /dev/null\nif [ $? != 0 ] ; then\n    # print error to STDERR\n    echo \"error: The sandbox is not in sync with the Podfile.lock. Run 'pod install' or update your CocoaPods installation.\" >&2\n    exit 1\nfi\n# This output is used by Xcode 'outputs' to avoid re-running this script phase.\necho \"SUCCESS\" > \"${SCRIPT_OUTPUT_FILE_0}\"\n";
			showEnvVarsInLog = 0;
		};
		A4E936992B324B20D931C943 /* [CP] Copy Pods Resources */ = {
			isa = PBXShellScriptBuildPhase;
			buildActionMask = 2147483647;
			files = (
			);
			inputFileListPaths = (
			);
			inputPaths = (
				"${SRCROOT}/Pods/Target Support Files/Pods-MonKey/Pods-MonKey-resources.sh",
				"${PODS_ROOT}/AccountKit/AccountKitStrings.bundle",
			);
			name = "[CP] Copy Pods Resources";
			outputFileListPaths = (
			);
			outputPaths = (
				"${TARGET_BUILD_DIR}/${UNLOCALIZED_RESOURCES_FOLDER_PATH}/AccountKitStrings.bundle",
			);
			runOnlyForDeploymentPostprocessing = 0;
			shellPath = /bin/sh;
			shellScript = "\"${SRCROOT}/Pods/Target Support Files/Pods-MonKey/Pods-MonKey-resources.sh\"\n";
			showEnvVarsInLog = 0;
		};
		A6CC7208CB03DDF01ADDCAE0 /* [CP] Embed Pods Frameworks */ = {
			isa = PBXShellScriptBuildPhase;
			buildActionMask = 2147483647;
			files = (
			);
			inputFileListPaths = (
			);
			inputPaths = (
				"${SRCROOT}/Pods/Target Support Files/Pods-MonKey/Pods-MonKey-frameworks.sh",
				"${BUILT_PRODUCTS_DIR}/Alamofire/Alamofire.framework",
				"${BUILT_PRODUCTS_DIR}/Apollo/Apollo.framework",
				"${BUILT_PRODUCTS_DIR}/SnapKit/SnapKit.framework",
				"${BUILT_PRODUCTS_DIR}/SwiftKeychainWrapper/SwiftKeychainWrapper.framework",
			);
			name = "[CP] Embed Pods Frameworks";
			outputFileListPaths = (
			);
			outputPaths = (
				"${TARGET_BUILD_DIR}/${FRAMEWORKS_FOLDER_PATH}/Alamofire.framework",
				"${TARGET_BUILD_DIR}/${FRAMEWORKS_FOLDER_PATH}/Apollo.framework",
				"${TARGET_BUILD_DIR}/${FRAMEWORKS_FOLDER_PATH}/SnapKit.framework",
				"${TARGET_BUILD_DIR}/${FRAMEWORKS_FOLDER_PATH}/SwiftKeychainWrapper.framework",
			);
			runOnlyForDeploymentPostprocessing = 0;
			shellPath = /bin/sh;
			shellScript = "\"${SRCROOT}/Pods/Target Support Files/Pods-MonKey/Pods-MonKey-frameworks.sh\"\n";
			showEnvVarsInLog = 0;
		};
/* End PBXShellScriptBuildPhase section */

/* Begin PBXSourcesBuildPhase section */
		2290F5D621713A6A00BE9189 /* Sources */ = {
			isa = PBXSourcesBuildPhase;
			buildActionMask = 2147483647;
			files = (
				22963D2A21865F4D00D475C6 /* NewOperationViewController.swift in Sources */,
				2249E0642171478500ED890A /* LoginViewController.swift in Sources */,
				22F9195921724A8C000DAED6 /* RootVCSwitcher.swift in Sources */,
				220EE8D1217281E9009E7C9E /* LoginManager.swift in Sources */,
				2290F5DE21713A6A00BE9189 /* AppDelegate.swift in Sources */,
				220EE8CF21727ABC009E7C9E /* WalletViewController.swift in Sources */,
				22E1209F2183C65C00926289 /* MainTabViewController.swift in Sources */,
				22F9195C217252FE000DAED6 /* KeychainManager.swift in Sources */,
				2262649421762575007146A6 /* MainCell.swift in Sources */,
				225911D4217F121A00565D06 /* API.swift in Sources */,
				22F9195621724906000DAED6 /* UserInputDataViewController.swift in Sources */,
				22963D2C218662AD00D475C6 /* SettingsViewController.swift in Sources */,
			);
			runOnlyForDeploymentPostprocessing = 0;
		};
/* End PBXSourcesBuildPhase section */

/* Begin PBXVariantGroup section */
		2290F5E621713A6C00BE9189 /* LaunchScreen.storyboard */ = {
			isa = PBXVariantGroup;
			children = (
				2290F5E721713A6C00BE9189 /* Base */,
			);
			name = LaunchScreen.storyboard;
			sourceTree = "<group>";
		};
/* End PBXVariantGroup section */

/* Begin XCBuildConfiguration section */
		2290F5EA21713A6C00BE9189 /* Debug */ = {
			isa = XCBuildConfiguration;
			buildSettings = {
				ALWAYS_SEARCH_USER_PATHS = NO;
				CLANG_ANALYZER_NONNULL = YES;
				CLANG_ANALYZER_NUMBER_OBJECT_CONVERSION = YES_AGGRESSIVE;
				CLANG_CXX_LANGUAGE_STANDARD = "gnu++14";
				CLANG_CXX_LIBRARY = "libc++";
				CLANG_ENABLE_MODULES = YES;
				CLANG_ENABLE_OBJC_ARC = YES;
				CLANG_ENABLE_OBJC_WEAK = YES;
				CLANG_WARN_BLOCK_CAPTURE_AUTORELEASING = YES;
				CLANG_WARN_BOOL_CONVERSION = YES;
				CLANG_WARN_COMMA = YES;
				CLANG_WARN_CONSTANT_CONVERSION = YES;
				CLANG_WARN_DEPRECATED_OBJC_IMPLEMENTATIONS = YES;
				CLANG_WARN_DIRECT_OBJC_ISA_USAGE = YES_ERROR;
				CLANG_WARN_DOCUMENTATION_COMMENTS = YES;
				CLANG_WARN_EMPTY_BODY = YES;
				CLANG_WARN_ENUM_CONVERSION = YES;
				CLANG_WARN_INFINITE_RECURSION = YES;
				CLANG_WARN_INT_CONVERSION = YES;
				CLANG_WARN_NON_LITERAL_NULL_CONVERSION = YES;
				CLANG_WARN_OBJC_IMPLICIT_RETAIN_SELF = YES;
				CLANG_WARN_OBJC_LITERAL_CONVERSION = YES;
				CLANG_WARN_OBJC_ROOT_CLASS = YES_ERROR;
				CLANG_WARN_RANGE_LOOP_ANALYSIS = YES;
				CLANG_WARN_STRICT_PROTOTYPES = YES;
				CLANG_WARN_SUSPICIOUS_MOVE = YES;
				CLANG_WARN_UNGUARDED_AVAILABILITY = YES_AGGRESSIVE;
				CLANG_WARN_UNREACHABLE_CODE = YES;
				CLANG_WARN__DUPLICATE_METHOD_MATCH = YES;
				CODE_SIGN_IDENTITY = "iPhone Developer";
				COPY_PHASE_STRIP = NO;
				DEBUG_INFORMATION_FORMAT = dwarf;
				ENABLE_STRICT_OBJC_MSGSEND = YES;
				ENABLE_TESTABILITY = YES;
				GCC_C_LANGUAGE_STANDARD = gnu11;
				GCC_DYNAMIC_NO_PIC = NO;
				GCC_NO_COMMON_BLOCKS = YES;
				GCC_OPTIMIZATION_LEVEL = 0;
				GCC_PREPROCESSOR_DEFINITIONS = (
					"DEBUG=1",
					"$(inherited)",
				);
				GCC_WARN_64_TO_32_BIT_CONVERSION = YES;
				GCC_WARN_ABOUT_RETURN_TYPE = YES_ERROR;
				GCC_WARN_UNDECLARED_SELECTOR = YES;
				GCC_WARN_UNINITIALIZED_AUTOS = YES_AGGRESSIVE;
				GCC_WARN_UNUSED_FUNCTION = YES;
				GCC_WARN_UNUSED_VARIABLE = YES;
				IPHONEOS_DEPLOYMENT_TARGET = 12.0;
				MTL_ENABLE_DEBUG_INFO = INCLUDE_SOURCE;
				MTL_FAST_MATH = YES;
				ONLY_ACTIVE_ARCH = YES;
				SDKROOT = iphoneos;
				SWIFT_ACTIVE_COMPILATION_CONDITIONS = DEBUG;
				SWIFT_OPTIMIZATION_LEVEL = "-Onone";
			};
			name = Debug;
		};
		2290F5EB21713A6C00BE9189 /* Release */ = {
			isa = XCBuildConfiguration;
			buildSettings = {
				ALWAYS_SEARCH_USER_PATHS = NO;
				CLANG_ANALYZER_NONNULL = YES;
				CLANG_ANALYZER_NUMBER_OBJECT_CONVERSION = YES_AGGRESSIVE;
				CLANG_CXX_LANGUAGE_STANDARD = "gnu++14";
				CLANG_CXX_LIBRARY = "libc++";
				CLANG_ENABLE_MODULES = YES;
				CLANG_ENABLE_OBJC_ARC = YES;
				CLANG_ENABLE_OBJC_WEAK = YES;
				CLANG_WARN_BLOCK_CAPTURE_AUTORELEASING = YES;
				CLANG_WARN_BOOL_CONVERSION = YES;
				CLANG_WARN_COMMA = YES;
				CLANG_WARN_CONSTANT_CONVERSION = YES;
				CLANG_WARN_DEPRECATED_OBJC_IMPLEMENTATIONS = YES;
				CLANG_WARN_DIRECT_OBJC_ISA_USAGE = YES_ERROR;
				CLANG_WARN_DOCUMENTATION_COMMENTS = YES;
				CLANG_WARN_EMPTY_BODY = YES;
				CLANG_WARN_ENUM_CONVERSION = YES;
				CLANG_WARN_INFINITE_RECURSION = YES;
				CLANG_WARN_INT_CONVERSION = YES;
				CLANG_WARN_NON_LITERAL_NULL_CONVERSION = YES;
				CLANG_WARN_OBJC_IMPLICIT_RETAIN_SELF = YES;
				CLANG_WARN_OBJC_LITERAL_CONVERSION = YES;
				CLANG_WARN_OBJC_ROOT_CLASS = YES_ERROR;
				CLANG_WARN_RANGE_LOOP_ANALYSIS = YES;
				CLANG_WARN_STRICT_PROTOTYPES = YES;
				CLANG_WARN_SUSPICIOUS_MOVE = YES;
				CLANG_WARN_UNGUARDED_AVAILABILITY = YES_AGGRESSIVE;
				CLANG_WARN_UNREACHABLE_CODE = YES;
				CLANG_WARN__DUPLICATE_METHOD_MATCH = YES;
				CODE_SIGN_IDENTITY = "iPhone Developer";
				COPY_PHASE_STRIP = NO;
				DEBUG_INFORMATION_FORMAT = "dwarf-with-dsym";
				ENABLE_NS_ASSERTIONS = NO;
				ENABLE_STRICT_OBJC_MSGSEND = YES;
				GCC_C_LANGUAGE_STANDARD = gnu11;
				GCC_NO_COMMON_BLOCKS = YES;
				GCC_WARN_64_TO_32_BIT_CONVERSION = YES;
				GCC_WARN_ABOUT_RETURN_TYPE = YES_ERROR;
				GCC_WARN_UNDECLARED_SELECTOR = YES;
				GCC_WARN_UNINITIALIZED_AUTOS = YES_AGGRESSIVE;
				GCC_WARN_UNUSED_FUNCTION = YES;
				GCC_WARN_UNUSED_VARIABLE = YES;
				IPHONEOS_DEPLOYMENT_TARGET = 12.0;
				MTL_ENABLE_DEBUG_INFO = NO;
				MTL_FAST_MATH = YES;
				SDKROOT = iphoneos;
				SWIFT_COMPILATION_MODE = wholemodule;
				SWIFT_OPTIMIZATION_LEVEL = "-O";
				VALIDATE_PRODUCT = YES;
			};
			name = Release;
		};
		2290F5ED21713A6C00BE9189 /* Debug */ = {
			isa = XCBuildConfiguration;
			baseConfigurationReference = 0BA9A63DDEA1BA581BDB6549 /* Pods-MonKey.debug.xcconfig */;
			buildSettings = {
				ASSETCATALOG_COMPILER_APPICON_NAME = AppIcon;
				CODE_SIGN_STYLE = Automatic;
				DEVELOPMENT_TEAM = JY22C8NC68;
				INFOPLIST_FILE = MonKey/Info.plist;
				LD_RUNPATH_SEARCH_PATHS = (
					"$(inherited)",
					"@executable_path/Frameworks",
				);
				PRODUCT_BUNDLE_IDENTIFIER = rodionkuskov.MonKey;
				PRODUCT_NAME = "$(TARGET_NAME)";
				SWIFT_VERSION = 4.2;
				TARGETED_DEVICE_FAMILY = 1;
			};
			name = Debug;
		};
		2290F5EE21713A6C00BE9189 /* Release */ = {
			isa = XCBuildConfiguration;
			baseConfigurationReference = BACE8E3A64E3EFA087968F02 /* Pods-MonKey.release.xcconfig */;
			buildSettings = {
				ASSETCATALOG_COMPILER_APPICON_NAME = AppIcon;
				CODE_SIGN_STYLE = Automatic;
				DEVELOPMENT_TEAM = JY22C8NC68;
				INFOPLIST_FILE = MonKey/Info.plist;
				LD_RUNPATH_SEARCH_PATHS = (
					"$(inherited)",
					"@executable_path/Frameworks",
				);
				PRODUCT_BUNDLE_IDENTIFIER = rodionkuskov.MonKey;
				PRODUCT_NAME = "$(TARGET_NAME)";
				SWIFT_VERSION = 4.2;
				TARGETED_DEVICE_FAMILY = 1;
			};
			name = Release;
		};
/* End XCBuildConfiguration section */

/* Begin XCConfigurationList section */
		2290F5D521713A6A00BE9189 /* Build configuration list for PBXProject "MonKey" */ = {
			isa = XCConfigurationList;
			buildConfigurations = (
				2290F5EA21713A6C00BE9189 /* Debug */,
				2290F5EB21713A6C00BE9189 /* Release */,
			);
			defaultConfigurationIsVisible = 0;
			defaultConfigurationName = Release;
		};
		2290F5EC21713A6C00BE9189 /* Build configuration list for PBXNativeTarget "MonKey" */ = {
			isa = XCConfigurationList;
			buildConfigurations = (
				2290F5ED21713A6C00BE9189 /* Debug */,
				2290F5EE21713A6C00BE9189 /* Release */,
			);
			defaultConfigurationIsVisible = 0;
			defaultConfigurationName = Release;
		};
/* End XCConfigurationList section */
	};
	rootObject = 2290F5D221713A6A00BE9189 /* Project object */;
}
